
Microsoft Visual Studio Solution File, Format Version 12.00
# Visual Studio Version 17
VisualStudioVersion = 17.10.34607.79
MinimumVisualStudioVersion = 10.0.40219.1
Project("{9A19103F-16F7-4668-BE54-9A1E7A4F7556}") = "AWSLambdaAuthenticatorClient", "AWSLambdaAuthenticatorClient.csproj", "{23B2CB4F-E8BD-4131-8924-BDDD3A641519}"
EndProject
Global
	GlobalSection(SolutionConfigurationPlatforms) = preSolution
		Debug|Any CPU = Debug|Any CPU
		Release|Any CPU = Release|Any CPU
	EndGlobalSection
	GlobalSection(ProjectConfigurationPlatforms) = postSolution
		{23B2CB4F-E8BD-4131-8924-BDDD3A641519}.Debug|Any CPU.ActiveCfg = Debug|Any CPU
		{23B2CB4F-E8BD-4131-8924-BDDD3A641519}.Debug|Any CPU.Build.0 = Debug|Any CPU
		{23B2CB4F-E8BD-4131-8924-BDDD3A641519}.Release|Any CPU.ActiveCfg = Release|Any CPU
		{23B2CB4F-E8BD-4131-8924-BDDD3A641519}.Release|Any CPU.Build.0 = Release|Any CPU
	EndGlobalSection
	GlobalSection(SolutionProperties) = preSolution
		HideSolutionNode = FALSE
	EndGlobalSection
	GlobalSection(ExtensibilityGlobals) = postSolution
		SolutionGuid = {D0DA3569-AC1C-49BD-A865-0D413BDA4A46}
	EndGlobalSection
EndGlobal
